
Microsoft Visual Studio Solution File, Format Version 12.00
# Visual Studio 15
VisualStudioVersion = 15.0.27130.2010
MinimumVisualStudioVersion = 10.0.40219.1
Project("{FAE04EC0-301F-11D3-BF4B-00C04F79EFBC}") = "NHibernateMapping.Test", "NHibernateMapping.Test\NHibernateMapping.Test.csproj", "{9FFB9F52-9E11-47A2-A26A-30FB86958D20}"
EndProject
Project("{FAE04EC0-301F-11D3-BF4B-00C04F79EFBC}") = "NHibernateMapping.Core", "NHibernateMapping.Core\NHibernateMapping.Core.csproj", "{4378AEA7-8A33-4D1E-BDFF-1EC0810348BE}"
EndProject
Project("{2150E333-8FDC-42A3-9474-1A3956D46DE8}") = ".git", ".git", "{D80644BF-7B9D-4D22-865C-B97D6EE3C9C5}"
	ProjectSection(SolutionItems) = preProject
		.gitignore = .gitignore
	EndProjectSection
EndProject
Global
	GlobalSection(SolutionConfigurationPlatforms) = preSolution
		Debug|Any CPU = Debug|Any CPU
		Release|Any CPU = Release|Any CPU
	EndGlobalSection
	GlobalSection(ProjectConfigurationPlatforms) = postSolution
		{9FFB9F52-9E11-47A2-A26A-30FB86958D20}.Debug|Any CPU.ActiveCfg = Debug|Any CPU
		{9FFB9F52-9E11-47A2-A26A-30FB86958D20}.Debug|Any CPU.Build.0 = Debug|Any CPU
		{9FFB9F52-9E11-47A2-A26A-30FB86958D20}.Release|Any CPU.ActiveCfg = Release|Any CPU
		{9FFB9F52-9E11-47A2-A26A-30FB86958D20}.Release|Any CPU.Build.0 = Release|Any CPU
		{4378AEA7-8A33-4D1E-BDFF-1EC0810348BE}.Debug|Any CPU.ActiveCfg = Debug|Any CPU
		{4378AEA7-8A33-4D1E-BDFF-1EC0810348BE}.Debug|Any CPU.Build.0 = Debug|Any CPU
		{4378AEA7-8A33-4D1E-BDFF-1EC0810348BE}.Release|Any CPU.ActiveCfg = Release|Any CPU
		{4378AEA7-8A33-4D1E-BDFF-1EC0810348BE}.Release|Any CPU.Build.0 = Release|Any CPU
	EndGlobalSection
	GlobalSection(SolutionProperties) = preSolution
		HideSolutionNode = FALSE
	EndGlobalSection
	GlobalSection(ExtensibilityGlobals) = postSolution
		SolutionGuid = {FCE7C059-F7C9-4CD4-9580-9F2F24A5CB9C}
	EndGlobalSection
EndGlobal
